
Microsoft Visual Studio Solution File, Format Version 12.00
# Visual Studio Version 16
VisualStudioVersion = 16.0.29806.167
MinimumVisualStudioVersion = 10.0.40219.1
Project("{9A19103F-16F7-4668-BE54-9A1E7A4F7556}") = "DMSService", "DMSService\DMSService\DMSService.csproj", "{60F5BDF3-46ED-43BC-82E6-E490773D5CA5}"
EndProject
Project("{9A19103F-16F7-4668-BE54-9A1E7A4F7556}") = "GRPCClient", "GRPCClient\GRPCClient\GRPCClient.csproj", "{7A557126-D5E8-4B22-94A5-FDD1040F94C0}"
EndProject
Global
	GlobalSection(SolutionConfigurationPlatforms) = preSolution
		Debug|Any CPU = Debug|Any CPU
		Release|Any CPU = Release|Any CPU
	EndGlobalSection
	GlobalSection(ProjectConfigurationPlatforms) = postSolution
		{60F5BDF3-46ED-43BC-82E6-E490773D5CA5}.Debug|Any CPU.ActiveCfg = Debug|Any CPU
		{60F5BDF3-46ED-43BC-82E6-E490773D5CA5}.Debug|Any CPU.Build.0 = Debug|Any CPU
		{60F5BDF3-46ED-43BC-82E6-E490773D5CA5}.Release|Any CPU.ActiveCfg = Release|Any CPU
		{60F5BDF3-46ED-43BC-82E6-E490773D5CA5}.Release|Any CPU.Build.0 = Release|Any CPU
		{7A557126-D5E8-4B22-94A5-FDD1040F94C0}.Debug|Any CPU.ActiveCfg = Debug|Any CPU
		{7A557126-D5E8-4B22-94A5-FDD1040F94C0}.Debug|Any CPU.Build.0 = Debug|Any CPU
		{7A557126-D5E8-4B22-94A5-FDD1040F94C0}.Release|Any CPU.ActiveCfg = Release|Any CPU
		{7A557126-D5E8-4B22-94A5-FDD1040F94C0}.Release|Any CPU.Build.0 = Release|Any CPU
	EndGlobalSection
	GlobalSection(SolutionProperties) = preSolution
		HideSolutionNode = FALSE
	EndGlobalSection
	GlobalSection(ExtensibilityGlobals) = postSolution
		SolutionGuid = {7D4035D8-2E63-4B21-9237-48F3033EC191}
	EndGlobalSection
EndGlobal
