
Microsoft Visual Studio Solution File, Format Version 12.00
# Visual Studio Version 16
VisualStudioVersion = 16.0.29806.167
MinimumVisualStudioVersion = 10.0.40219.1
Project("{FAE04EC0-301F-11D3-BF4B-00C04F79EFBC}") = "GRPCClient", "GRPCClient\GRPCClient.csproj", "{F4D88263-83AF-46D9-8874-50F51B2F7C74}"
EndProject
Global
	GlobalSection(SolutionConfigurationPlatforms) = preSolution
		Debug|Any CPU = Debug|Any CPU
		Release|Any CPU = Release|Any CPU
	EndGlobalSection
	GlobalSection(ProjectConfigurationPlatforms) = postSolution
		{F4D88263-83AF-46D9-8874-50F51B2F7C74}.Debug|Any CPU.ActiveCfg = Debug|Any CPU
		{F4D88263-83AF-46D9-8874-50F51B2F7C74}.Debug|Any CPU.Build.0 = Debug|Any CPU
		{F4D88263-83AF-46D9-8874-50F51B2F7C74}.Release|Any CPU.ActiveCfg = Release|Any CPU
		{F4D88263-83AF-46D9-8874-50F51B2F7C74}.Release|Any CPU.Build.0 = Release|Any CPU
	EndGlobalSection
	GlobalSection(SolutionProperties) = preSolution
		HideSolutionNode = FALSE
	EndGlobalSection
	GlobalSection(ExtensibilityGlobals) = postSolution
		SolutionGuid = {017BA44A-DF87-4CC5-9441-07DC3537C4D7}
	EndGlobalSection
EndGlobal
